
Microsoft Visual Studio Solution File, Format Version 12.00
# Visual Studio Version 17
VisualStudioVersion = 17.4.33205.214
MinimumVisualStudioVersion = 10.0.40219.1
Project("{FAE04EC0-301F-11D3-BF4B-00C04F79EFBC}") = "FinanceApi", "FinanceApi.csproj", "{6C707892-10AC-4E56-9732-934CEECED616}"
EndProject
Global
	GlobalSection(SolutionConfigurationPlatforms) = preSolution
		Debug|Any CPU = Debug|Any CPU
		Release|Any CPU = Release|Any CPU
	EndGlobalSection
	GlobalSection(ProjectConfigurationPlatforms) = postSolution
		{6C707892-10AC-4E56-9732-934CEECED616}.Debug|Any CPU.ActiveCfg = Debug|Any CPU
		{6C707892-10AC-4E56-9732-934CEECED616}.Debug|Any CPU.Build.0 = Debug|Any CPU
		{6C707892-10AC-4E56-9732-934CEECED616}.Release|Any CPU.ActiveCfg = Release|Any CPU
		{6C707892-10AC-4E56-9732-934CEECED616}.Release|Any CPU.Build.0 = Release|Any CPU
	EndGlobalSection
	GlobalSection(SolutionProperties) = preSolution
		HideSolutionNode = FALSE
	EndGlobalSection
	GlobalSection(ExtensibilityGlobals) = postSolution
		SolutionGuid = {B20DA643-2465-42EF-97D1-B1C0770E44B2}
	EndGlobalSection
EndGlobal
